<?xml version="1.0" encoding="utf-8"?>
<Project ToolsVersion="4.0" xmlns="http://schemas.microsoft.com/developer/msbuild/2003">
  <ItemGroup>
    <Filter Include="Source Files">
      <UniqueIdentifier>{4FC737F1-C7A5-4376-A066-2A32D752A2FF}</UniqueIdentifier>
      <Extensions>cpp;c;cc;cxx;def;odl;idl;hpj;bat;asm;asmx</Extensions>
    </Filter>
    <Filter Include="Header Files">
      <UniqueIdentifier>{93995380-89BD-4b04-88EB-625FBE52EBFB}</UniqueIdentifier>
      <Extensions>h;hh;hpp;hxx;hm;inl;inc;ipp;xsd</Extensions>
    </Filter>
    <Filter Include="Resource Files">
      <UniqueIdentifier>{67DA6AB6-F800-4c08-8B7A-83BB121AAD01}</UniqueIdentifier>
      <Extensions>rc;ico;cur;bmp;dlg;rc2;rct;bin;rgs;gif;jpg;jpeg;jpe;resx;tiff;tif;png;wav;mfcribbon-ms</Extensions>
    </Filter>
    <Filter Include="Resource Files\Elements">
      <UniqueIdentifier>{db736c5f-93e3-4810-84b6-3187fa7679f3}</UniqueIdentifier>
    </Filter>
    <Filter Include="Resource Files\DataTypes">
      <UniqueIdentifier>{459be51b-b15b-4d64-a54e-29051d8fd345}</UniqueIdentifier>
    </Filter>
  </ItemGroup>
  <ItemGroup>
    <ClCompile Include="ConsoleApplication1.cpp">
      <Filter>Source Files</Filter>
    </ClCompile>
    <ClCompile Include="ConsoleRenderer.h">
      <Filter>Resource Files</Filter>
    </ClCompile>
    <ClCompile Include="ConsoleRenderer.cpp">
      <Filter>Resource Files</Filter>
    </ClCompile>
    <ClCompile Include="TetrisGlobal.h">
      <Filter>Resource Files</Filter>
    </ClCompile>
    <ClCompile Include="Boards.h">
      <Filter>Resource Files\Elements</Filter>
    </ClCompile>
    <ClCompile Include="Random.h">
      <Filter>Resource Files\Elements</Filter>
    </ClCompile>
    <ClCompile Include="Vector2D.h">
      <Filter>Resource Files\DataTypes</Filter>
    </ClCompile>
    <ClCompile Include="Tetrominos.h">
      <Filter>Resource Files\Elements</Filter>
    </ClCompile>
    <ClCompile Include="Tetrominos.cpp">
      <Filter>Resource Files\Elements</Filter>
    </ClCompile>
    <ClCompile Include="TetrisGlobal.cpp">
      <Filter>Resource Files</Filter>
    </ClCompile>
    <ClCompile Include="NetworkingX.h">
      <Filter>Resource Files</Filter>
    </ClCompile>
    <ClCompile Include="ThreadPool.h">
      <Filter>Resource Files</Filter>
    </ClCompile>
    <ClCompile Include="ThreadPool.cpp">
      <Filter>Resource Files</Filter>
    </ClCompile>
    <ClCompile Include="FileInterpret.h">
      <Filter>Resource Files</Filter>
    </ClCompile>
    <ClCompile Include="FileInterpret.cpp">
      <Filter>Resource Files</Filter>
    </ClCompile>
  </ItemGroup>
  <ItemGroup>
    <ClInclude Include="Rect.h">
      <Filter>Resource Files\DataTypes</Filter>
    </ClInclude>
  </ItemGroup>
</Project>